// !$*UTF8*$!
{
	archiveVersion = 1;
	classes = {
	};
	objectVersion = 55;
	objects = {

/* Begin PBXBuildFile section */
		B06B1B13939271D4026F651C /* operations.swift in Sources */ = {isa = PBXBuildFile; fileRef = B06B1A5A3049F87BDE1C3EBA /* operations.swift */; };
		B06B1B52C623D8839BAD513B /* calculator.swift in Sources */ = {isa = PBXBuildFile; fileRef = B06B1A3519A4EB5EF56E05F0 /* calculator.swift */; };
		B06B1C138A8179085F7474BD /* ContentView.swift in Sources */ = {isa = PBXBuildFile; fileRef = B06B1081C422B903913ED126 /* ContentView.swift */; };
		FB6BAABB271707F300588990 /* calcul8App.swift in Sources */ = {isa = PBXBuildFile; fileRef = FB6BAABA271707F300588990 /* calcul8App.swift */; };
		FB6BAABF271707F400588990 /* Assets.xcassets in Resources */ = {isa = PBXBuildFile; fileRef = FB6BAABE271707F400588990 /* Assets.xcassets */; };
		FB6BAAC2271707F400588990 /* Preview Assets.xcassets in Resources */ = {isa = PBXBuildFile; fileRef = FB6BAAC1271707F400588990 /* Preview Assets.xcassets */; };
		FB6BAACC271707F400588990 /* calcul8Tests.swift in Sources */ = {isa = PBXBuildFile; fileRef = FB6BAACB271707F400588990 /* calcul8Tests.swift */; };
		FB6BAAD6271707F400588990 /* calcul8UITests.swift in Sources */ = {isa = PBXBuildFile; fileRef = FB6BAAD5271707F400588990 /* calcul8UITests.swift */; };
		FB6BAAD8271707F400588990 /* calcul8UITestsLaunchTests.swift in Sources */ = {isa = PBXBuildFile; fileRef = FB6BAAD7271707F400588990 /* calcul8UITestsLaunchTests.swift */; };
/* End PBXBuildFile section */

/* Begin PBXContainerItemProxy section */
		FB6BAAC8271707F400588990 /* PBXContainerItemProxy */ = {
			isa = PBXContainerItemProxy;
			containerPortal = FB6BAAAF271707F300588990 /* Project object */;
			proxyType = 1;
			remoteGlobalIDString = FB6BAAB6271707F300588990;
			remoteInfo = calcul8;
		};
		FB6BAAD2271707F400588990 /* PBXContainerItemProxy */ = {
			isa = PBXContainerItemProxy;
			containerPortal = FB6BAAAF271707F300588990 /* Project object */;
			proxyType = 1;
			remoteGlobalIDString = FB6BAAB6271707F300588990;
			remoteInfo = calcul8;
		};
/* End PBXContainerItemProxy section */

/* Begin PBXFileReference section */
		B06B1081C422B903913ED126 /* ContentView.swift */ = {isa = PBXFileReference; fileEncoding = 4; lastKnownFileType = sourcecode.swift; path = ContentView.swift; sourceTree = "<group>"; };
		B06B1A3519A4EB5EF56E05F0 /* calculator.swift */ = {isa = PBXFileReference; fileEncoding = 4; lastKnownFileType = sourcecode.swift; path = calculator.swift; sourceTree = "<group>"; };
		B06B1A5A3049F87BDE1C3EBA /* operations.swift */ = {isa = PBXFileReference; fileEncoding = 4; lastKnownFileType = sourcecode.swift; path = operations.swift; sourceTree = "<group>"; };
		FB6BAAB7271707F300588990 /* calcul8.app */ = {isa = PBXFileReference; explicitFileType = wrapper.application; includeInIndex = 0; path = calcul8.app; sourceTree = BUILT_PRODUCTS_DIR; };
		FB6BAABA271707F300588990 /* calcul8App.swift */ = {isa = PBXFileReference; lastKnownFileType = sourcecode.swift; path = calcul8App.swift; sourceTree = "<group>"; };
		FB6BAABE271707F400588990 /* Assets.xcassets */ = {isa = PBXFileReference; lastKnownFileType = folder.assetcatalog; path = Assets.xcassets; sourceTree = "<group>"; };
		FB6BAAC1271707F400588990 /* Preview Assets.xcassets */ = {isa = PBXFileReference; lastKnownFileType = folder.assetcatalog; path = "Preview Assets.xcassets"; sourceTree = "<group>"; };
		FB6BAAC7271707F400588990 /* calcul8Tests.xctest */ = {isa = PBXFileReference; explicitFileType = wrapper.cfbundle; includeInIndex = 0; path = calcul8Tests.xctest; sourceTree = BUILT_PRODUCTS_DIR; };
		FB6BAACB271707F400588990 /* calcul8Tests.swift */ = {isa = PBXFileReference; lastKnownFileType = sourcecode.swift; path = calcul8Tests.swift; sourceTree = "<group>"; };
		FB6BAAD1271707F400588990 /* calcul8UITests.xctest */ = {isa = PBXFileReference; explicitFileType = wrapper.cfbundle; includeInIndex = 0; path = calcul8UITests.xctest; sourceTree = BUILT_PRODUCTS_DIR; };
		FB6BAAD5271707F400588990 /* calcul8UITests.swift */ = {isa = PBXFileReference; lastKnownFileType = sourcecode.swift; path = calcul8UITests.swift; sourceTree = "<group>"; };
		FB6BAAD7271707F400588990 /* calcul8UITestsLaunchTests.swift */ = {isa = PBXFileReference; lastKnownFileType = sourcecode.swift; path = calcul8UITestsLaunchTests.swift; sourceTree = "<group>"; };
/* End PBXFileReference section */

/* Begin PBXFrameworksBuildPhase section */
		FB6BAAB4271707F300588990 /* Frameworks */ = {
			isa = PBXFrameworksBuildPhase;
			buildActionMask = 2147483647;
			files = (
			);
			runOnlyForDeploymentPostprocessing = 0;
		};
		FB6BAAC4271707F400588990 /* Frameworks */ = {
			isa = PBXFrameworksBuildPhase;
			buildActionMask = 2147483647;
			files = (
			);
			runOnlyForDeploymentPostprocessing = 0;
		};
		FB6BAACE271707F400588990 /* Frameworks */ = {
			isa = PBXFrameworksBuildPhase;
			buildActionMask = 2147483647;
			files = (
			);
			runOnlyForDeploymentPostprocessing = 0;
		};
/* End PBXFrameworksBuildPhase section */

/* Begin PBXGroup section */
		FB6BAAAE271707F300588990 = {
			isa = PBXGroup;
			children = (
				FB6BAAB9271707F300588990 /* calcul8 */,
				FB6BAACA271707F400588990 /* calcul8Tests */,
				FB6BAAD4271707F400588990 /* calcul8UITests */,
				FB6BAAB8271707F300588990 /* Products */,
			);
			sourceTree = "<group>";
		};
		FB6BAAB8271707F300588990 /* Products */ = {
			isa = PBXGroup;
			children = (
				FB6BAAB7271707F300588990 /* calcul8.app */,
				FB6BAAC7271707F400588990 /* calcul8Tests.xctest */,
				FB6BAAD1271707F400588990 /* calcul8UITests.xctest */,
			);
			name = Products;
			sourceTree = "<group>";
		};
		FB6BAAB9271707F300588990 /* calcul8 */ = {
			isa = PBXGroup;
			children = (
				FB6BAABA271707F300588990 /* calcul8App.swift */,
				FB6BAABE271707F400588990 /* Assets.xcassets */,
				FB6BAAC0271707F400588990 /* Preview Content */,
				B06B1081C422B903913ED126 /* ContentView.swift */,
				B06B1A3519A4EB5EF56E05F0 /* calculator.swift */,
				B06B1A5A3049F87BDE1C3EBA /* operations.swift */,
			);
			path = calcul8;
			sourceTree = "<group>";
		};
		FB6BAAC0271707F400588990 /* Preview Content */ = {
			isa = PBXGroup;
			children = (
				FB6BAAC1271707F400588990 /* Preview Assets.xcassets */,
			);
			path = "Preview Content";
			sourceTree = "<group>";
		};
		FB6BAACA271707F400588990 /* calcul8Tests */ = {
			isa = PBXGroup;
			children = (
				FB6BAACB271707F400588990 /* calcul8Tests.swift */,
			);
			path = calcul8Tests;
			sourceTree = "<group>";
		};
		FB6BAAD4271707F400588990 /* calcul8UITests */ = {
			isa = PBXGroup;
			children = (
				FB6BAAD5271707F400588990 /* calcul8UITests.swift */,
				FB6BAAD7271707F400588990 /* calcul8UITestsLaunchTests.swift */,
			);
			path = calcul8UITests;
			sourceTree = "<group>";
		};
/* End PBXGroup section */

/* Begin PBXNativeTarget section */
		FB6BAAB6271707F300588990 /* calcul8 */ = {
			isa = PBXNativeTarget;
			buildConfigurationList = FB6BAADB271707F400588990 /* Build configuration list for PBXNativeTarget "calcul8" */;
			buildPhases = (
				FB6BAAB3271707F300588990 /* Sources */,
				FB6BAAB4271707F300588990 /* Frameworks */,
				FB6BAAB5271707F300588990 /* Resources */,
			);
			buildRules = (
			);
			dependencies = (
			);
			name = calcul8;
			productName = calcul8;
			productReference = FB6BAAB7271707F300588990 /* calcul8.app */;
			productType = "com.apple.product-type.application";
		};
		FB6BAAC6271707F400588990 /* calcul8Tests */ = {
			isa = PBXNativeTarget;
			buildConfigurationList = FB6BAADE271707F400588990 /* Build configuration list for PBXNativeTarget "calcul8Tests" */;
			buildPhases = (
				FB6BAAC3271707F400588990 /* Sources */,
				FB6BAAC4271707F400588990 /* Frameworks */,
				FB6BAAC5271707F400588990 /* Resources */,
			);
			buildRules = (
			);
			dependencies = (
				FB6BAAC9271707F400588990 /* PBXTargetDependency */,
			);
			name = calcul8Tests;
			productName = calcul8Tests;
			productReference = FB6BAAC7271707F400588990 /* calcul8Tests.xctest */;
			productType = "com.apple.product-type.bundle.unit-test";
		};
		FB6BAAD0271707F400588990 /* calcul8UITests */ = {
			isa = PBXNativeTarget;
			buildConfigurationList = FB6BAAE1271707F400588990 /* Build configuration list for PBXNativeTarget "calcul8UITests" */;
			buildPhases = (
				FB6BAACD271707F400588990 /* Sources */,
				FB6BAACE271707F400588990 /* Frameworks */,
				FB6BAACF271707F400588990 /* Resources */,
			);
			buildRules = (
			);
			dependencies = (
				FB6BAAD3271707F400588990 /* PBXTargetDependency */,
			);
			name = calcul8UITests;
			productName = calcul8UITests;
			productReference = FB6BAAD1271707F400588990 /* calcul8UITests.xctest */;
			productType = "com.apple.product-type.bundle.ui-testing";
		};
/* End PBXNativeTarget section */

/* Begin PBXProject section */
		FB6BAAAF271707F300588990 /* Project object */ = {
			isa = PBXProject;
			attributes = {
				BuildIndependentTargetsInParallel = 1;
				LastSwiftUpdateCheck = 1300;
				LastUpgradeCheck = 1300;
				TargetAttributes = {
					FB6BAAB6271707F300588990 = {
						CreatedOnToolsVersion = 13.0;
					};
					FB6BAAC6271707F400588990 = {
						CreatedOnToolsVersion = 13.0;
						TestTargetID = FB6BAAB6271707F300588990;
					};
					FB6BAAD0271707F400588990 = {
						CreatedOnToolsVersion = 13.0;
						TestTargetID = FB6BAAB6271707F300588990;
					};
				};
			};
			buildConfigurationList = FB6BAAB2271707F300588990 /* Build configuration list for PBXProject "calcul8" */;
			compatibilityVersion = "Xcode 13.0";
			developmentRegion = en;
			hasScannedForEncodings = 0;
			knownRegions = (
				en,
				Base,
			);
			mainGroup = FB6BAAAE271707F300588990;
			productRefGroup = FB6BAAB8271707F300588990 /* Products */;
			projectDirPath = "";
			projectRoot = "";
			targets = (
				FB6BAAB6271707F300588990 /* calcul8 */,
				FB6BAAC6271707F400588990 /* calcul8Tests */,
				FB6BAAD0271707F400588990 /* calcul8UITests */,
			);
		};
/* End PBXProject section */

/* Begin PBXResourcesBuildPhase section */
		FB6BAAB5271707F300588990 /* Resources */ = {
			isa = PBXResourcesBuildPhase;
			buildActionMask = 2147483647;
			files = (
				FB6BAAC2271707F400588990 /* Preview Assets.xcassets in Resources */,
				FB6BAABF271707F400588990 /* Assets.xcassets in Resources */,
			);
			runOnlyForDeploymentPostprocessing = 0;
		};
		FB6BAAC5271707F400588990 /* Resources */ = {
			isa = PBXResourcesBuildPhase;
			buildActionMask = 2147483647;
			files = (
			);
			runOnlyForDeploymentPostprocessing = 0;
		};
		FB6BAACF271707F400588990 /* Resources */ = {
			isa = PBXResourcesBuildPhase;
			buildActionMask = 2147483647;
			files = (
			);
			runOnlyForDeploymentPostprocessing = 0;
		};
/* End PBXResourcesBuildPhase section */

/* Begin PBXSourcesBuildPhase section */
		FB6BAAB3271707F300588990 /* Sources */ = {
			isa = PBXSourcesBuildPhase;
			buildActionMask = 2147483647;
			files = (
				FB6BAABB271707F300588990 /* calcul8App.swift in Sources */,
				B06B1C138A8179085F7474BD /* ContentView.swift in Sources */,
				B06B1B52C623D8839BAD513B /* calculator.swift in Sources */,
				B06B1B13939271D4026F651C /* operations.swift in Sources */,
			);
			runOnlyForDeploymentPostprocessing = 0;
		};
		FB6BAAC3271707F400588990 /* Sources */ = {
			isa = PBXSourcesBuildPhase;
			buildActionMask = 2147483647;
			files = (
				FB6BAACC271707F400588990 /* calcul8Tests.swift in Sources */,
			);
			runOnlyForDeploymentPostprocessing = 0;
		};
		FB6BAACD271707F400588990 /* Sources */ = {
			isa = PBXSourcesBuildPhase;
			buildActionMask = 2147483647;
			files = (
				FB6BAAD6271707F400588990 /* calcul8UITests.swift in Sources */,
				FB6BAAD8271707F400588990 /* calcul8UITestsLaunchTests.swift in Sources */,
			);
			runOnlyForDeploymentPostprocessing = 0;
		};
/* End PBXSourcesBuildPhase section */

/* Begin PBXTargetDependency section */
		FB6BAAC9271707F400588990 /* PBXTargetDependency */ = {
			isa = PBXTargetDependency;
			target = FB6BAAB6271707F300588990 /* calcul8 */;
			targetProxy = FB6BAAC8271707F400588990 /* PBXContainerItemProxy */;
		};
		FB6BAAD3271707F400588990 /* PBXTargetDependency */ = {
			isa = PBXTargetDependency;
			target = FB6BAAB6271707F300588990 /* calcul8 */;
			targetProxy = FB6BAAD2271707F400588990 /* PBXContainerItemProxy */;
		};
/* End PBXTargetDependency section */

/* Begin XCBuildConfiguration section */
		FB6BAAD9271707F400588990 /* Debug */ = {
			isa = XCBuildConfiguration;
			buildSettings = {
				ALWAYS_SEARCH_USER_PATHS = NO;
				CLANG_ANALYZER_NONNULL = YES;
				CLANG_ANALYZER_NUMBER_OBJECT_CONVERSION = YES_AGGRESSIVE;
				CLANG_CXX_LANGUAGE_STANDARD = "gnu++17";
				CLANG_CXX_LIBRARY = "libc++";
				CLANG_ENABLE_MODULES = YES;
				CLANG_ENABLE_OBJC_ARC = YES;
				CLANG_ENABLE_OBJC_WEAK = YES;
				CLANG_WARN_BLOCK_CAPTURE_AUTORELEASING = YES;
				CLANG_WARN_BOOL_CONVERSION = YES;
				CLANG_WARN_COMMA = YES;
				CLANG_WARN_CONSTANT_CONVERSION = YES;
				CLANG_WARN_DEPRECATED_OBJC_IMPLEMENTATIONS = YES;
				CLANG_WARN_DIRECT_OBJC_ISA_USAGE = YES_ERROR;
				CLANG_WARN_DOCUMENTATION_COMMENTS = YES;
				CLANG_WARN_EMPTY_BODY = YES;
				CLANG_WARN_ENUM_CONVERSION = YES;
				CLANG_WARN_INFINITE_RECURSION = YES;
				CLANG_WARN_INT_CONVERSION = YES;
				CLANG_WARN_NON_LITERAL_NULL_CONVERSION = YES;
				CLANG_WARN_OBJC_IMPLICIT_RETAIN_SELF = YES;
				CLANG_WARN_OBJC_LITERAL_CONVERSION = YES;
				CLANG_WARN_OBJC_ROOT_CLASS = YES_ERROR;
				CLANG_WARN_QUOTED_INCLUDE_IN_FRAMEWORK_HEADER = YES;
				CLANG_WARN_RANGE_LOOP_ANALYSIS = YES;
				CLANG_WARN_STRICT_PROTOTYPES = YES;
				CLANG_WARN_SUSPICIOUS_MOVE = YES;
				CLANG_WARN_UNGUARDED_AVAILABILITY = YES_AGGRESSIVE;
				CLANG_WARN_UNREACHABLE_CODE = YES;
				CLANG_WARN__DUPLICATE_METHOD_MATCH = YES;
				COPY_PHASE_STRIP = NO;
				DEBUG_INFORMATION_FORMAT = dwarf;
				ENABLE_STRICT_OBJC_MSGSEND = YES;
				ENABLE_TESTABILITY = YES;
				GCC_C_LANGUAGE_STANDARD = gnu11;
				GCC_DYNAMIC_NO_PIC = NO;
				GCC_NO_COMMON_BLOCKS = YES;
				GCC_OPTIMIZATION_LEVEL = 0;
				GCC_PREPROCESSOR_DEFINITIONS = (
					"DEBUG=1",
					"$(inherited)",
				);
				GCC_WARN_64_TO_32_BIT_CONVERSION = YES;
				GCC_WARN_ABOUT_RETURN_TYPE = YES_ERROR;
				GCC_WARN_UNDECLARED_SELECTOR = YES;
				GCC_WARN_UNINITIALIZED_AUTOS = YES_AGGRESSIVE;
				GCC_WARN_UNUSED_FUNCTION = YES;
				GCC_WARN_UNUSED_VARIABLE = YES;
				IPHONEOS_DEPLOYMENT_TARGET = 15.0;
				MTL_ENABLE_DEBUG_INFO = INCLUDE_SOURCE;
				MTL_FAST_MATH = YES;
				ONLY_ACTIVE_ARCH = YES;
				SDKROOT = iphoneos;
				SWIFT_ACTIVE_COMPILATION_CONDITIONS = DEBUG;
				SWIFT_OPTIMIZATION_LEVEL = "-Onone";
			};
			name = Debug;
		};
		FB6BAADA271707F400588990 /* Release */ = {
			isa = XCBuildConfiguration;
			buildSettings = {
				ALWAYS_SEARCH_USER_PATHS = NO;
				CLANG_ANALYZER_NONNULL = YES;
				CLANG_ANALYZER_NUMBER_OBJECT_CONVERSION = YES_AGGRESSIVE;
				CLANG_CXX_LANGUAGE_STANDARD = "gnu++17";
				CLANG_CXX_LIBRARY = "libc++";
				CLANG_ENABLE_MODULES = YES;
				CLANG_ENABLE_OBJC_ARC = YES;
				CLANG_ENABLE_OBJC_WEAK = YES;
				CLANG_WARN_BLOCK_CAPTURE_AUTORELEASING = YES;
				CLANG_WARN_BOOL_CONVERSION = YES;
				CLANG_WARN_COMMA = YES;
				CLANG_WARN_CONSTANT_CONVERSION = YES;
				CLANG_WARN_DEPRECATED_OBJC_IMPLEMENTATIONS = YES;
				CLANG_WARN_DIRECT_OBJC_ISA_USAGE = YES_ERROR;
				CLANG_WARN_DOCUMENTATION_COMMENTS = YES;
				CLANG_WARN_EMPTY_BODY = YES;
				CLANG_WARN_ENUM_CONVERSION = YES;
				CLANG_WARN_INFINITE_RECURSION = YES;
				CLANG_WARN_INT_CONVERSION = YES;
				CLANG_WARN_NON_LITERAL_NULL_CONVERSION = YES;
				CLANG_WARN_OBJC_IMPLICIT_RETAIN_SELF = YES;
				CLANG_WARN_OBJC_LITERAL_CONVERSION = YES;
				CLANG_WARN_OBJC_ROOT_CLASS = YES_ERROR;
				CLANG_WARN_QUOTED_INCLUDE_IN_FRAMEWORK_HEADER = YES;
				CLANG_WARN_RANGE_LOOP_ANALYSIS = YES;
				CLANG_WARN_STRICT_PROTOTYPES = YES;
				CLANG_WARN_SUSPICIOUS_MOVE = YES;
				CLANG_WARN_UNGUARDED_AVAILABILITY = YES_AGGRESSIVE;
				CLANG_WARN_UNREACHABLE_CODE = YES;
				CLANG_WARN__DUPLICATE_METHOD_MATCH = YES;
				COPY_PHASE_STRIP = NO;
				DEBUG_INFORMATION_FORMAT = "dwarf-with-dsym";
				ENABLE_NS_ASSERTIONS = NO;
				ENABLE_STRICT_OBJC_MSGSEND = YES;
				GCC_C_LANGUAGE_STANDARD = gnu11;
				GCC_NO_COMMON_BLOCKS = YES;
				GCC_WARN_64_TO_32_BIT_CONVERSION = YES;
				GCC_WARN_ABOUT_RETURN_TYPE = YES_ERROR;
				GCC_WARN_UNDECLARED_SELECTOR = YES;
				GCC_WARN_UNINITIALIZED_AUTOS = YES_AGGRESSIVE;
				GCC_WARN_UNUSED_FUNCTION = YES;
				GCC_WARN_UNUSED_VARIABLE = YES;
				IPHONEOS_DEPLOYMENT_TARGET = 15.0;
				MTL_ENABLE_DEBUG_INFO = NO;
				MTL_FAST_MATH = YES;
				SDKROOT = iphoneos;
				SWIFT_COMPILATION_MODE = wholemodule;
				SWIFT_OPTIMIZATION_LEVEL = "-O";
				VALIDATE_PRODUCT = YES;
			};
			name = Release;
		};
		FB6BAADC271707F400588990 /* Debug */ = {
			isa = XCBuildConfiguration;
			buildSettings = {
				ASSETCATALOG_COMPILER_APPICON_NAME = AppIcon;
				ASSETCATALOG_COMPILER_GLOBAL_ACCENT_COLOR_NAME = AccentColor;
				CODE_SIGN_STYLE = Automatic;
				CURRENT_PROJECT_VERSION = 1;
				DEVELOPMENT_ASSET_PATHS = "\"calcul8/Preview Content\"";
				DEVELOPMENT_TEAM = U628U5AWGA;
				ENABLE_PREVIEWS = YES;
				GENERATE_INFOPLIST_FILE = YES;
				INFOPLIST_KEY_UIApplicationSceneManifest_Generation = YES;
				INFOPLIST_KEY_UIApplicationSupportsIndirectInputEvents = YES;
				INFOPLIST_KEY_UILaunchScreen_Generation = YES;
				INFOPLIST_KEY_UISupportedInterfaceOrientations_iPad = "UIInterfaceOrientationPortrait UIInterfaceOrientationPortraitUpsideDown UIInterfaceOrientationLandscapeLeft UIInterfaceOrientationLandscapeRight";
				INFOPLIST_KEY_UISupportedInterfaceOrientations_iPhone = "UIInterfaceOrientationPortrait UIInterfaceOrientationLandscapeLeft UIInterfaceOrientationLandscapeRight";
				IPHONEOS_DEPLOYMENT_TARGET = 15.0;
				LD_RUNPATH_SEARCH_PATHS = (
					"$(inherited)",
					"@executable_path/Frameworks",
				);
				MARKETING_VERSION = 1.0;
				PRODUCT_BUNDLE_IDENTIFIER = hu.tailored.calcul8;
				PRODUCT_NAME = "$(TARGET_NAME)";
				SWIFT_EMIT_LOC_STRINGS = YES;
				SWIFT_VERSION = 5.0;
				TARGETED_DEVICE_FAMILY = 2;
			};
			name = Debug;
		};
		FB6BAADD271707F400588990 /* Release */ = {
			isa = XCBuildConfiguration;
			buildSettings = {
				ASSETCATALOG_COMPILER_APPICON_NAME = AppIcon;
				ASSETCATALOG_COMPILER_GLOBAL_ACCENT_COLOR_NAME = AccentColor;
				CODE_SIGN_STYLE = Automatic;
				CURRENT_PROJECT_VERSION = 1;
				DEVELOPMENT_ASSET_PATHS = "\"calcul8/Preview Content\"";
				DEVELOPMENT_TEAM = U628U5AWGA;
				ENABLE_PREVIEWS = YES;
				GENERATE_INFOPLIST_FILE = YES;
				INFOPLIST_KEY_UIApplicationSceneManifest_Generation = YES;
				INFOPLIST_KEY_UIApplicationSupportsIndirectInputEvents = YES;
				INFOPLIST_KEY_UILaunchScreen_Generation = YES;
				INFOPLIST_KEY_UISupportedInterfaceOrientations_iPad = "UIInterfaceOrientationPortrait UIInterfaceOrientationPortraitUpsideDown UIInterfaceOrientationLandscapeLeft UIInterfaceOrientationLandscapeRight";
				INFOPLIST_KEY_UISupportedInterfaceOrientations_iPhone = "UIInterfaceOrientationPortrait UIInterfaceOrientationLandscapeLeft UIInterfaceOrientationLandscapeRight";
				IPHONEOS_DEPLOYMENT_TARGET = 15.0;
				LD_RUNPATH_SEARCH_PATHS = (
					"$(inherited)",
					"@executable_path/Frameworks",
				);
				MARKETING_VERSION = 1.0;
				PRODUCT_BUNDLE_IDENTIFIER = hu.tailored.calcul8;
				PRODUCT_NAME = "$(TARGET_NAME)";
				SWIFT_EMIT_LOC_STRINGS = YES;
				SWIFT_VERSION = 5.0;
				TARGETED_DEVICE_FAMILY = 2;
			};
			name = Release;
		};
		FB6BAADF271707F400588990 /* Debug */ = {
			isa = XCBuildConfiguration;
			buildSettings = {
				ALWAYS_EMBED_SWIFT_STANDARD_LIBRARIES = YES;
				BUNDLE_LOADER = "$(TEST_HOST)";
				CODE_SIGN_STYLE = Automatic;
				CURRENT_PROJECT_VERSION = 1;
				GENERATE_INFOPLIST_FILE = YES;
				IPHONEOS_DEPLOYMENT_TARGET = 15.0;
				LD_RUNPATH_SEARCH_PATHS = (
					"$(inherited)",
					"@executable_path/Frameworks",
					"@loader_path/Frameworks",
				);
				MARKETING_VERSION = 1.0;
				PRODUCT_BUNDLE_IDENTIFIER = hu.tailored.calcul8Tests;
				PRODUCT_NAME = "$(TARGET_NAME)";
				SWIFT_EMIT_LOC_STRINGS = NO;
				SWIFT_VERSION = 5.0;
				TARGETED_DEVICE_FAMILY = 2;
				TEST_HOST = "$(BUILT_PRODUCTS_DIR)/calcul8.app/calcul8";
			};
			name = Debug;
		};
		FB6BAAE0271707F400588990 /* Release */ = {
			isa = XCBuildConfiguration;
			buildSettings = {
				ALWAYS_EMBED_SWIFT_STANDARD_LIBRARIES = YES;
				BUNDLE_LOADER = "$(TEST_HOST)";
				CODE_SIGN_STYLE = Automatic;
				CURRENT_PROJECT_VERSION = 1;
				GENERATE_INFOPLIST_FILE = YES;
				IPHONEOS_DEPLOYMENT_TARGET = 15.0;
				LD_RUNPATH_SEARCH_PATHS = (
					"$(inherited)",
					"@executable_path/Frameworks",
					"@loader_path/Frameworks",
				);
				MARKETING_VERSION = 1.0;
				PRODUCT_BUNDLE_IDENTIFIER = hu.tailored.calcul8Tests;
				PRODUCT_NAME = "$(TARGET_NAME)";
				SWIFT_EMIT_LOC_STRINGS = NO;
				SWIFT_VERSION = 5.0;
				TARGETED_DEVICE_FAMILY = 2;
				TEST_HOST = "$(BUILT_PRODUCTS_DIR)/calcul8.app/calcul8";
			};
			name = Release;
		};
		FB6BAAE2271707F400588990 /* Debug */ = {
			isa = XCBuildConfiguration;
			buildSettings = {
				ALWAYS_EMBED_SWIFT_STANDARD_LIBRARIES = YES;
				CODE_SIGN_STYLE = Automatic;
				CURRENT_PROJECT_VERSION = 1;
				GENERATE_INFOPLIST_FILE = YES;
				LD_RUNPATH_SEARCH_PATHS = (
					"$(inherited)",
					"@executable_path/Frameworks",
					"@loader_path/Frameworks",
				);
				MARKETING_VERSION = 1.0;
				PRODUCT_BUNDLE_IDENTIFIER = hu.tailored.calcul8UITests;
				PRODUCT_NAME = "$(TARGET_NAME)";
				SWIFT_EMIT_LOC_STRINGS = NO;
				SWIFT_VERSION = 5.0;
				TARGETED_DEVICE_FAMILY = 2;
				TEST_TARGET_NAME = calcul8;
			};
			name = Debug;
		};
		FB6BAAE3271707F400588990 /* Release */ = {
			isa = XCBuildConfiguration;
			buildSettings = {
				ALWAYS_EMBED_SWIFT_STANDARD_LIBRARIES = YES;
				CODE_SIGN_STYLE = Automatic;
				CURRENT_PROJECT_VERSION = 1;
				GENERATE_INFOPLIST_FILE = YES;
				LD_RUNPATH_SEARCH_PATHS = (
					"$(inherited)",
					"@executable_path/Frameworks",
					"@loader_path/Frameworks",
				);
				MARKETING_VERSION = 1.0;
				PRODUCT_BUNDLE_IDENTIFIER = hu.tailored.calcul8UITests;
				PRODUCT_NAME = "$(TARGET_NAME)";
				SWIFT_EMIT_LOC_STRINGS = NO;
				SWIFT_VERSION = 5.0;
				TARGETED_DEVICE_FAMILY = 2;
				TEST_TARGET_NAME = calcul8;
			};
			name = Release;
		};
/* End XCBuildConfiguration section */

/* Begin XCConfigurationList section */
		FB6BAAB2271707F300588990 /* Build configuration list for PBXProject "calcul8" */ = {
			isa = XCConfigurationList;
			buildConfigurations = (
				FB6BAAD9271707F400588990 /* Debug */,
				FB6BAADA271707F400588990 /* Release */,
			);
			defaultConfigurationIsVisible = 0;
			defaultConfigurationName = Release;
		};
		FB6BAADB271707F400588990 /* Build configuration list for PBXNativeTarget "calcul8" */ = {
			isa = XCConfigurationList;
			buildConfigurations = (
				FB6BAADC271707F400588990 /* Debug */,
				FB6BAADD271707F400588990 /* Release */,
			);
			defaultConfigurationIsVisible = 0;
			defaultConfigurationName = Release;
		};
		FB6BAADE271707F400588990 /* Build configuration list for PBXNativeTarget "calcul8Tests" */ = {
			isa = XCConfigurationList;
			buildConfigurations = (
				FB6BAADF271707F400588990 /* Debug */,
				FB6BAAE0271707F400588990 /* Release */,
			);
			defaultConfigurationIsVisible = 0;
			defaultConfigurationName = Release;
		};
		FB6BAAE1271707F400588990 /* Build configuration list for PBXNativeTarget "calcul8UITests" */ = {
			isa = XCConfigurationList;
			buildConfigurations = (
				FB6BAAE2271707F400588990 /* Debug */,
				FB6BAAE3271707F400588990 /* Release */,
			);
			defaultConfigurationIsVisible = 0;
			defaultConfigurationName = Release;
		};
/* End XCConfigurationList section */
	};
	rootObject = FB6BAAAF271707F300588990 /* Project object */;
}
